// !$*UTF8*$!
{
	archiveVersion = 1;
	classes = {
	};
	objectVersion = 56;
	objects = {

/* Begin PBXBuildFile section */
		E70B04F52C3EFC6A00256BC3 /* PlacesListItemViewModel.swift in Sources */ = {isa = PBXBuildFile; fileRef = E70B04F42C3EFC6A00256BC3 /* PlacesListItemViewModel.swift */; };
		E70B04F82C3F028700256BC3 /* Color+Extension.swift in Sources */ = {isa = PBXBuildFile; fileRef = E70B04F72C3F028700256BC3 /* Color+Extension.swift */; };
		E70B05012C40550D00256BC3 /* TestLocationRepository.swift in Sources */ = {isa = PBXBuildFile; fileRef = E70B05002C40550D00256BC3 /* TestLocationRepository.swift */; };
		E723F40B2C3BC54300B684F8 /* PlacesApp.swift in Sources */ = {isa = PBXBuildFile; fileRef = E723F40A2C3BC54300B684F8 /* PlacesApp.swift */; };
		E723F4112C3BC54400B684F8 /* Assets.xcassets in Resources */ = {isa = PBXBuildFile; fileRef = E723F4102C3BC54400B684F8 /* Assets.xcassets */; };
		E723F4142C3BC54400B684F8 /* Preview Assets.xcassets in Resources */ = {isa = PBXBuildFile; fileRef = E723F4132C3BC54400B684F8 /* Preview Assets.xcassets */; };
		E723F41E2C3BC54500B684F8 /* PlacesTests.swift in Sources */ = {isa = PBXBuildFile; fileRef = E723F41D2C3BC54500B684F8 /* PlacesTests.swift */; };
		E723F4282C3BC54500B684F8 /* PlacesUITests.swift in Sources */ = {isa = PBXBuildFile; fileRef = E723F4272C3BC54500B684F8 /* PlacesUITests.swift */; };
		E723F42A2C3BC54500B684F8 /* PlacesUITestsLaunchTests.swift in Sources */ = {isa = PBXBuildFile; fileRef = E723F4292C3BC54500B684F8 /* PlacesUITestsLaunchTests.swift */; };
		E7D312782C3C26B300A87DB5 /* PlacesListView.swift in Sources */ = {isa = PBXBuildFile; fileRef = E7D312772C3C26B300A87DB5 /* PlacesListView.swift */; };
		E7D3127A2C3C26D300A87DB5 /* PlacesListViewModel.swift in Sources */ = {isa = PBXBuildFile; fileRef = E7D312792C3C26D300A87DB5 /* PlacesListViewModel.swift */; };
		E7D3127C2C3C273500A87DB5 /* Repository in Frameworks */ = {isa = PBXBuildFile; productRef = E7D3127B2C3C273500A87DB5 /* Repository */; };
		E7D312862C3CF30F00A87DB5 /* UrlOpenHandler.swift in Sources */ = {isa = PBXBuildFile; fileRef = E7D312852C3CF30E00A87DB5 /* UrlOpenHandler.swift */; };
		E7D312882C3CF35800A87DB5 /* DefaultUrlOpenHandler.swift in Sources */ = {isa = PBXBuildFile; fileRef = E7D312872C3CF35800A87DB5 /* DefaultUrlOpenHandler.swift */; };
		E7D3128A2C3CF3CE00A87DB5 /* Constants.swift in Sources */ = {isa = PBXBuildFile; fileRef = E7D312892C3CF3CE00A87DB5 /* Constants.swift */; };
		E7D3128C2C3CF6FC00A87DB5 /* PlacesListItemView.swift in Sources */ = {isa = PBXBuildFile; fileRef = E7D3128B2C3CF6FC00A87DB5 /* PlacesListItemView.swift */; };
		E7D312902C3CF89500A87DB5 /* Location.swift in Sources */ = {isa = PBXBuildFile; fileRef = E7D3128D2C3CF76100A87DB5 /* Location.swift */; };
		E7D312912C3CF89800A87DB5 /* Locations.swift in Sources */ = {isa = PBXBuildFile; fileRef = E7D3128E2C3CF76100A87DB5 /* Locations.swift */; };
/* End PBXBuildFile section */

/* Begin PBXContainerItemProxy section */
		E723F41A2C3BC54500B684F8 /* PBXContainerItemProxy */ = {
			isa = PBXContainerItemProxy;
			containerPortal = E723F3FF2C3BC54300B684F8 /* Project object */;
			proxyType = 1;
			remoteGlobalIDString = E723F4062C3BC54300B684F8;
			remoteInfo = Places;
		};
		E723F4242C3BC54500B684F8 /* PBXContainerItemProxy */ = {
			isa = PBXContainerItemProxy;
			containerPortal = E723F3FF2C3BC54300B684F8 /* Project object */;
			proxyType = 1;
			remoteGlobalIDString = E723F4062C3BC54300B684F8;
			remoteInfo = Places;
		};
/* End PBXContainerItemProxy section */

/* Begin PBXFileReference section */
		E70B04F42C3EFC6A00256BC3 /* PlacesListItemViewModel.swift */ = {isa = PBXFileReference; lastKnownFileType = sourcecode.swift; path = PlacesListItemViewModel.swift; sourceTree = "<group>"; };
		E70B04F72C3F028700256BC3 /* Color+Extension.swift */ = {isa = PBXFileReference; lastKnownFileType = sourcecode.swift; path = "Color+Extension.swift"; sourceTree = "<group>"; };
		E70B04FB2C3F136E00256BC3 /* Respository */ = {isa = PBXFileReference; lastKnownFileType = wrapper; path = Respository; sourceTree = "<group>"; };
		E70B04FF2C3F147900256BC3 /* Caches */ = {isa = PBXFileReference; lastKnownFileType = wrapper; path = Caches; sourceTree = "<group>"; };
		E70B05002C40550D00256BC3 /* TestLocationRepository.swift */ = {isa = PBXFileReference; lastKnownFileType = sourcecode.swift; path = TestLocationRepository.swift; sourceTree = "<group>"; };
		E723F4072C3BC54300B684F8 /* Places.app */ = {isa = PBXFileReference; explicitFileType = wrapper.application; includeInIndex = 0; path = Places.app; sourceTree = BUILT_PRODUCTS_DIR; };
		E723F40A2C3BC54300B684F8 /* PlacesApp.swift */ = {isa = PBXFileReference; lastKnownFileType = sourcecode.swift; path = PlacesApp.swift; sourceTree = "<group>"; };
		E723F4102C3BC54400B684F8 /* Assets.xcassets */ = {isa = PBXFileReference; lastKnownFileType = folder.assetcatalog; path = Assets.xcassets; sourceTree = "<group>"; };
		E723F4132C3BC54400B684F8 /* Preview Assets.xcassets */ = {isa = PBXFileReference; lastKnownFileType = folder.assetcatalog; path = "Preview Assets.xcassets"; sourceTree = "<group>"; };
		E723F4192C3BC54500B684F8 /* PlacesTests.xctest */ = {isa = PBXFileReference; explicitFileType = wrapper.cfbundle; includeInIndex = 0; path = PlacesTests.xctest; sourceTree = BUILT_PRODUCTS_DIR; };
		E723F41D2C3BC54500B684F8 /* PlacesTests.swift */ = {isa = PBXFileReference; lastKnownFileType = sourcecode.swift; path = PlacesTests.swift; sourceTree = "<group>"; };
		E723F4232C3BC54500B684F8 /* PlacesUITests.xctest */ = {isa = PBXFileReference; explicitFileType = wrapper.cfbundle; includeInIndex = 0; path = PlacesUITests.xctest; sourceTree = BUILT_PRODUCTS_DIR; };
		E723F4272C3BC54500B684F8 /* PlacesUITests.swift */ = {isa = PBXFileReference; lastKnownFileType = sourcecode.swift; path = PlacesUITests.swift; sourceTree = "<group>"; };
		E723F4292C3BC54500B684F8 /* PlacesUITestsLaunchTests.swift */ = {isa = PBXFileReference; lastKnownFileType = sourcecode.swift; path = PlacesUITestsLaunchTests.swift; sourceTree = "<group>"; };
		E723F4412C3BC8AD00B684F8 /* Network */ = {isa = PBXFileReference; lastKnownFileType = wrapper; path = Network; sourceTree = "<group>"; };
		E723F4472C3BD49700B684F8 /* Models */ = {isa = PBXFileReference; lastKnownFileType = wrapper; path = Models; sourceTree = "<group>"; };
		E7D312772C3C26B300A87DB5 /* PlacesListView.swift */ = {isa = PBXFileReference; lastKnownFileType = sourcecode.swift; path = PlacesListView.swift; sourceTree = "<group>"; };
		E7D312792C3C26D300A87DB5 /* PlacesListViewModel.swift */ = {isa = PBXFileReference; lastKnownFileType = sourcecode.swift; path = PlacesListViewModel.swift; sourceTree = "<group>"; };
		E7D312852C3CF30E00A87DB5 /* UrlOpenHandler.swift */ = {isa = PBXFileReference; lastKnownFileType = sourcecode.swift; path = UrlOpenHandler.swift; sourceTree = "<group>"; };
		E7D312872C3CF35800A87DB5 /* DefaultUrlOpenHandler.swift */ = {isa = PBXFileReference; lastKnownFileType = sourcecode.swift; path = DefaultUrlOpenHandler.swift; sourceTree = "<group>"; };
		E7D312892C3CF3CE00A87DB5 /* Constants.swift */ = {isa = PBXFileReference; lastKnownFileType = sourcecode.swift; path = Constants.swift; sourceTree = "<group>"; };
		E7D3128B2C3CF6FC00A87DB5 /* PlacesListItemView.swift */ = {isa = PBXFileReference; lastKnownFileType = sourcecode.swift; path = PlacesListItemView.swift; sourceTree = "<group>"; };
		E7D3128D2C3CF76100A87DB5 /* Location.swift */ = {isa = PBXFileReference; lastKnownFileType = sourcecode.swift; path = Location.swift; sourceTree = "<group>"; };
		E7D3128E2C3CF76100A87DB5 /* Locations.swift */ = {isa = PBXFileReference; lastKnownFileType = sourcecode.swift; path = Locations.swift; sourceTree = "<group>"; };
/* End PBXFileReference section */

/* Begin PBXFrameworksBuildPhase section */
		E723F4042C3BC54300B684F8 /* Frameworks */ = {
			isa = PBXFrameworksBuildPhase;
			buildActionMask = 2147483647;
			files = (
				E7D3127C2C3C273500A87DB5 /* Repository in Frameworks */,
			);
			runOnlyForDeploymentPostprocessing = 0;
		};
		E723F4162C3BC54500B684F8 /* Frameworks */ = {
			isa = PBXFrameworksBuildPhase;
			buildActionMask = 2147483647;
			files = (
			);
			runOnlyForDeploymentPostprocessing = 0;
		};
		E723F4202C3BC54500B684F8 /* Frameworks */ = {
			isa = PBXFrameworksBuildPhase;
			buildActionMask = 2147483647;
			files = (
			);
			runOnlyForDeploymentPostprocessing = 0;
		};
/* End PBXFrameworksBuildPhase section */

/* Begin PBXGroup section */
		E70B04F22C3EFC4000256BC3 /* List */ = {
			isa = PBXGroup;
			children = (
				E7D312772C3C26B300A87DB5 /* PlacesListView.swift */,
				E7D312792C3C26D300A87DB5 /* PlacesListViewModel.swift */,
			);
			path = List;
			sourceTree = "<group>";
		};
		E70B04F32C3EFC4700256BC3 /* Item */ = {
			isa = PBXGroup;
			children = (
				E7D3128B2C3CF6FC00A87DB5 /* PlacesListItemView.swift */,
				E70B04F42C3EFC6A00256BC3 /* PlacesListItemViewModel.swift */,
			);
			path = Item;
			sourceTree = "<group>";
		};
		E70B04F62C3EFD2400256BC3 /* UrlOpenHandler */ = {
			isa = PBXGroup;
			children = (
				E7D312852C3CF30E00A87DB5 /* UrlOpenHandler.swift */,
				E7D312872C3CF35800A87DB5 /* DefaultUrlOpenHandler.swift */,
			);
			path = UrlOpenHandler;
			sourceTree = "<group>";
		};
		E723F3FE2C3BC54300B684F8 = {
			isa = PBXGroup;
			children = (
				E723F4362C3BC56800B684F8 /* Packages */,
				E723F4092C3BC54300B684F8 /* Places */,
				E723F41C2C3BC54500B684F8 /* PlacesTests */,
				E723F4262C3BC54500B684F8 /* PlacesUITests */,
				E723F4082C3BC54300B684F8 /* Products */,
				E723F4432C3BCAB100B684F8 /* Frameworks */,
			);
			sourceTree = "<group>";
		};
		E723F4082C3BC54300B684F8 /* Products */ = {
			isa = PBXGroup;
			children = (
				E723F4072C3BC54300B684F8 /* Places.app */,
				E723F4192C3BC54500B684F8 /* PlacesTests.xctest */,
				E723F4232C3BC54500B684F8 /* PlacesUITests.xctest */,
			);
			name = Products;
			sourceTree = "<group>";
		};
		E723F4092C3BC54300B684F8 /* Places */ = {
			isa = PBXGroup;
			children = (
				E7D312842C3CF2EE00A87DB5 /* Utils */,
				E7D312762C3C269A00A87DB5 /* PlacesList */,
				E723F40A2C3BC54300B684F8 /* PlacesApp.swift */,
				E723F4102C3BC54400B684F8 /* Assets.xcassets */,
				E723F4122C3BC54400B684F8 /* Preview Content */,
			);
			path = Places;
			sourceTree = "<group>";
		};
		E723F4122C3BC54400B684F8 /* Preview Content */ = {
			isa = PBXGroup;
			children = (
				E723F4132C3BC54400B684F8 /* Preview Assets.xcassets */,
			);
			path = "Preview Content";
			sourceTree = "<group>";
		};
		E723F41C2C3BC54500B684F8 /* PlacesTests */ = {
			isa = PBXGroup;
			children = (
				E723F41D2C3BC54500B684F8 /* PlacesTests.swift */,
				E70B05002C40550D00256BC3 /* TestLocationRepository.swift */,
			);
			path = PlacesTests;
			sourceTree = "<group>";
		};
		E723F4262C3BC54500B684F8 /* PlacesUITests */ = {
			isa = PBXGroup;
			children = (
				E723F4272C3BC54500B684F8 /* PlacesUITests.swift */,
				E723F4292C3BC54500B684F8 /* PlacesUITestsLaunchTests.swift */,
			);
			path = PlacesUITests;
			sourceTree = "<group>";
		};
		E723F4362C3BC56800B684F8 /* Packages */ = {
			isa = PBXGroup;
			children = (
				E70B04FF2C3F147900256BC3 /* Caches */,
				E723F4472C3BD49700B684F8 /* Models */,
				E723F4412C3BC8AD00B684F8 /* Network */,
				E70B04FB2C3F136E00256BC3 /* Respository */,
			);
			path = Packages;
			sourceTree = "<group>";
		};
		E723F4432C3BCAB100B684F8 /* Frameworks */ = {
			isa = PBXGroup;
			children = (
			);
			name = Frameworks;
			sourceTree = "<group>";
		};
		E7D312762C3C269A00A87DB5 /* PlacesList */ = {
			isa = PBXGroup;
			children = (
				E70B04F32C3EFC4700256BC3 /* Item */,
				E70B04F22C3EFC4000256BC3 /* List */,
				E7D3128F2C3CF76100A87DB5 /* Models */,
			);
			path = PlacesList;
			sourceTree = "<group>";
		};
		E7D312842C3CF2EE00A87DB5 /* Utils */ = {
			isa = PBXGroup;
			children = (
				E70B04F62C3EFD2400256BC3 /* UrlOpenHandler */,
				E7D312892C3CF3CE00A87DB5 /* Constants.swift */,
				E70B04F72C3F028700256BC3 /* Color+Extension.swift */,
			);
			path = Utils;
			sourceTree = "<group>";
		};
		E7D3128F2C3CF76100A87DB5 /* Models */ = {
			isa = PBXGroup;
			children = (
				E7D3128D2C3CF76100A87DB5 /* Location.swift */,
				E7D3128E2C3CF76100A87DB5 /* Locations.swift */,
			);
			path = Models;
			sourceTree = "<group>";
		};
/* End PBXGroup section */

/* Begin PBXNativeTarget section */
		E723F4062C3BC54300B684F8 /* Places */ = {
			isa = PBXNativeTarget;
			buildConfigurationList = E723F42D2C3BC54500B684F8 /* Build configuration list for PBXNativeTarget "Places" */;
			buildPhases = (
				E723F4032C3BC54300B684F8 /* Sources */,
				E723F4042C3BC54300B684F8 /* Frameworks */,
				E723F4052C3BC54300B684F8 /* Resources */,
			);
			buildRules = (
			);
			dependencies = (
			);
			name = Places;
			packageProductDependencies = (
				E7D3127B2C3C273500A87DB5 /* Repository */,
			);
			productName = Places;
			productReference = E723F4072C3BC54300B684F8 /* Places.app */;
			productType = "com.apple.product-type.application";
		};
		E723F4182C3BC54500B684F8 /* PlacesTests */ = {
			isa = PBXNativeTarget;
			buildConfigurationList = E723F4302C3BC54500B684F8 /* Build configuration list for PBXNativeTarget "PlacesTests" */;
			buildPhases = (
				E723F4152C3BC54500B684F8 /* Sources */,
				E723F4162C3BC54500B684F8 /* Frameworks */,
				E723F4172C3BC54500B684F8 /* Resources */,
			);
			buildRules = (
			);
			dependencies = (
				E723F41B2C3BC54500B684F8 /* PBXTargetDependency */,
			);
			name = PlacesTests;
			productName = PlacesTests;
			productReference = E723F4192C3BC54500B684F8 /* PlacesTests.xctest */;
			productType = "com.apple.product-type.bundle.unit-test";
		};
		E723F4222C3BC54500B684F8 /* PlacesUITests */ = {
			isa = PBXNativeTarget;
			buildConfigurationList = E723F4332C3BC54500B684F8 /* Build configuration list for PBXNativeTarget "PlacesUITests" */;
			buildPhases = (
				E723F41F2C3BC54500B684F8 /* Sources */,
				E723F4202C3BC54500B684F8 /* Frameworks */,
				E723F4212C3BC54500B684F8 /* Resources */,
			);
			buildRules = (
			);
			dependencies = (
				E723F4252C3BC54500B684F8 /* PBXTargetDependency */,
			);
			name = PlacesUITests;
			productName = PlacesUITests;
			productReference = E723F4232C3BC54500B684F8 /* PlacesUITests.xctest */;
			productType = "com.apple.product-type.bundle.ui-testing";
		};
/* End PBXNativeTarget section */

/* Begin PBXProject section */
		E723F3FF2C3BC54300B684F8 /* Project object */ = {
			isa = PBXProject;
			attributes = {
				BuildIndependentTargetsInParallel = 1;
				LastSwiftUpdateCheck = 1540;
				LastUpgradeCheck = 1540;
				TargetAttributes = {
					E723F4062C3BC54300B684F8 = {
						CreatedOnToolsVersion = 15.4;
					};
					E723F4182C3BC54500B684F8 = {
						CreatedOnToolsVersion = 15.4;
						TestTargetID = E723F4062C3BC54300B684F8;
					};
					E723F4222C3BC54500B684F8 = {
						CreatedOnToolsVersion = 15.4;
						TestTargetID = E723F4062C3BC54300B684F8;
					};
				};
			};
			buildConfigurationList = E723F4022C3BC54300B684F8 /* Build configuration list for PBXProject "Places" */;
			compatibilityVersion = "Xcode 14.0";
			developmentRegion = en;
			hasScannedForEncodings = 0;
			knownRegions = (
				en,
				Base,
			);
			mainGroup = E723F3FE2C3BC54300B684F8;
			packageReferences = (
			);
			productRefGroup = E723F4082C3BC54300B684F8 /* Products */;
			projectDirPath = "";
			projectRoot = "";
			targets = (
				E723F4062C3BC54300B684F8 /* Places */,
				E723F4182C3BC54500B684F8 /* PlacesTests */,
				E723F4222C3BC54500B684F8 /* PlacesUITests */,
			);
		};
/* End PBXProject section */

/* Begin PBXResourcesBuildPhase section */
		E723F4052C3BC54300B684F8 /* Resources */ = {
			isa = PBXResourcesBuildPhase;
			buildActionMask = 2147483647;
			files = (
				E723F4142C3BC54400B684F8 /* Preview Assets.xcassets in Resources */,
				E723F4112C3BC54400B684F8 /* Assets.xcassets in Resources */,
			);
			runOnlyForDeploymentPostprocessing = 0;
		};
		E723F4172C3BC54500B684F8 /* Resources */ = {
			isa = PBXResourcesBuildPhase;
			buildActionMask = 2147483647;
			files = (
			);
			runOnlyForDeploymentPostprocessing = 0;
		};
		E723F4212C3BC54500B684F8 /* Resources */ = {
			isa = PBXResourcesBuildPhase;
			buildActionMask = 2147483647;
			files = (
			);
			runOnlyForDeploymentPostprocessing = 0;
		};
/* End PBXResourcesBuildPhase section */

/* Begin PBXSourcesBuildPhase section */
		E723F4032C3BC54300B684F8 /* Sources */ = {
			isa = PBXSourcesBuildPhase;
			buildActionMask = 2147483647;
			files = (
				E70B04F82C3F028700256BC3 /* Color+Extension.swift in Sources */,
				E7D312902C3CF89500A87DB5 /* Location.swift in Sources */,
				E7D3128C2C3CF6FC00A87DB5 /* PlacesListItemView.swift in Sources */,
				E7D3127A2C3C26D300A87DB5 /* PlacesListViewModel.swift in Sources */,
				E7D312912C3CF89800A87DB5 /* Locations.swift in Sources */,
				E7D312862C3CF30F00A87DB5 /* UrlOpenHandler.swift in Sources */,
				E723F40B2C3BC54300B684F8 /* PlacesApp.swift in Sources */,
				E7D312882C3CF35800A87DB5 /* DefaultUrlOpenHandler.swift in Sources */,
				E70B04F52C3EFC6A00256BC3 /* PlacesListItemViewModel.swift in Sources */,
				E7D312782C3C26B300A87DB5 /* PlacesListView.swift in Sources */,
				E7D3128A2C3CF3CE00A87DB5 /* Constants.swift in Sources */,
			);
			runOnlyForDeploymentPostprocessing = 0;
		};
		E723F4152C3BC54500B684F8 /* Sources */ = {
			isa = PBXSourcesBuildPhase;
			buildActionMask = 2147483647;
			files = (
				E70B05012C40550D00256BC3 /* TestLocationRepository.swift in Sources */,
				E723F41E2C3BC54500B684F8 /* PlacesTests.swift in Sources */,
			);
			runOnlyForDeploymentPostprocessing = 0;
		};
		E723F41F2C3BC54500B684F8 /* Sources */ = {
			isa = PBXSourcesBuildPhase;
			buildActionMask = 2147483647;
			files = (
				E723F42A2C3BC54500B684F8 /* PlacesUITestsLaunchTests.swift in Sources */,
				E723F4282C3BC54500B684F8 /* PlacesUITests.swift in Sources */,
			);
			runOnlyForDeploymentPostprocessing = 0;
		};
/* End PBXSourcesBuildPhase section */

/* Begin PBXTargetDependency section */
		E723F41B2C3BC54500B684F8 /* PBXTargetDependency */ = {
			isa = PBXTargetDependency;
			target = E723F4062C3BC54300B684F8 /* Places */;
			targetProxy = E723F41A2C3BC54500B684F8 /* PBXContainerItemProxy */;
		};
		E723F4252C3BC54500B684F8 /* PBXTargetDependency */ = {
			isa = PBXTargetDependency;
			target = E723F4062C3BC54300B684F8 /* Places */;
			targetProxy = E723F4242C3BC54500B684F8 /* PBXContainerItemProxy */;
		};
/* End PBXTargetDependency section */

/* Begin XCBuildConfiguration section */
		E723F42B2C3BC54500B684F8 /* Debug */ = {
			isa = XCBuildConfiguration;
			buildSettings = {
				ALWAYS_SEARCH_USER_PATHS = NO;
				ASSETCATALOG_COMPILER_GENERATE_SWIFT_ASSET_SYMBOL_EXTENSIONS = YES;
				CLANG_ANALYZER_NONNULL = YES;
				CLANG_ANALYZER_NUMBER_OBJECT_CONVERSION = YES_AGGRESSIVE;
				CLANG_CXX_LANGUAGE_STANDARD = "gnu++20";
				CLANG_ENABLE_MODULES = YES;
				CLANG_ENABLE_OBJC_ARC = YES;
				CLANG_ENABLE_OBJC_WEAK = YES;
				CLANG_WARN_BLOCK_CAPTURE_AUTORELEASING = YES;
				CLANG_WARN_BOOL_CONVERSION = YES;
				CLANG_WARN_COMMA = YES;
				CLANG_WARN_CONSTANT_CONVERSION = YES;
				CLANG_WARN_DEPRECATED_OBJC_IMPLEMENTATIONS = YES;
				CLANG_WARN_DIRECT_OBJC_ISA_USAGE = YES_ERROR;
				CLANG_WARN_DOCUMENTATION_COMMENTS = YES;
				CLANG_WARN_EMPTY_BODY = YES;
				CLANG_WARN_ENUM_CONVERSION = YES;
				CLANG_WARN_INFINITE_RECURSION = YES;
				CLANG_WARN_INT_CONVERSION = YES;
				CLANG_WARN_NON_LITERAL_NULL_CONVERSION = YES;
				CLANG_WARN_OBJC_IMPLICIT_RETAIN_SELF = YES;
				CLANG_WARN_OBJC_LITERAL_CONVERSION = YES;
				CLANG_WARN_OBJC_ROOT_CLASS = YES_ERROR;
				CLANG_WARN_QUOTED_INCLUDE_IN_FRAMEWORK_HEADER = YES;
				CLANG_WARN_RANGE_LOOP_ANALYSIS = YES;
				CLANG_WARN_STRICT_PROTOTYPES = YES;
				CLANG_WARN_SUSPICIOUS_MOVE = YES;
				CLANG_WARN_UNGUARDED_AVAILABILITY = YES_AGGRESSIVE;
				CLANG_WARN_UNREACHABLE_CODE = YES;
				CLANG_WARN__DUPLICATE_METHOD_MATCH = YES;
				COPY_PHASE_STRIP = NO;
				DEBUG_INFORMATION_FORMAT = dwarf;
				ENABLE_STRICT_OBJC_MSGSEND = YES;
				ENABLE_TESTABILITY = YES;
				ENABLE_USER_SCRIPT_SANDBOXING = YES;
				GCC_C_LANGUAGE_STANDARD = gnu17;
				GCC_DYNAMIC_NO_PIC = NO;
				GCC_NO_COMMON_BLOCKS = YES;
				GCC_OPTIMIZATION_LEVEL = 0;
				GCC_PREPROCESSOR_DEFINITIONS = (
					"DEBUG=1",
					"$(inherited)",
				);
				GCC_WARN_64_TO_32_BIT_CONVERSION = YES;
				GCC_WARN_ABOUT_RETURN_TYPE = YES_ERROR;
				GCC_WARN_UNDECLARED_SELECTOR = YES;
				GCC_WARN_UNINITIALIZED_AUTOS = YES_AGGRESSIVE;
				GCC_WARN_UNUSED_FUNCTION = YES;
				GCC_WARN_UNUSED_VARIABLE = YES;
				IPHONEOS_DEPLOYMENT_TARGET = 17.5;
				LOCALIZATION_PREFERS_STRING_CATALOGS = YES;
				MTL_ENABLE_DEBUG_INFO = INCLUDE_SOURCE;
				MTL_FAST_MATH = YES;
				ONLY_ACTIVE_ARCH = YES;
				SDKROOT = iphoneos;
				SWIFT_ACTIVE_COMPILATION_CONDITIONS = "DEBUG $(inherited)";
				SWIFT_OPTIMIZATION_LEVEL = "-Onone";
			};
			name = Debug;
		};
		E723F42C2C3BC54500B684F8 /* Release */ = {
			isa = XCBuildConfiguration;
			buildSettings = {
				ALWAYS_SEARCH_USER_PATHS = NO;
				ASSETCATALOG_COMPILER_GENERATE_SWIFT_ASSET_SYMBOL_EXTENSIONS = YES;
				CLANG_ANALYZER_NONNULL = YES;
				CLANG_ANALYZER_NUMBER_OBJECT_CONVERSION = YES_AGGRESSIVE;
				CLANG_CXX_LANGUAGE_STANDARD = "gnu++20";
				CLANG_ENABLE_MODULES = YES;
				CLANG_ENABLE_OBJC_ARC = YES;
				CLANG_ENABLE_OBJC_WEAK = YES;
				CLANG_WARN_BLOCK_CAPTURE_AUTORELEASING = YES;
				CLANG_WARN_BOOL_CONVERSION = YES;
				CLANG_WARN_COMMA = YES;
				CLANG_WARN_CONSTANT_CONVERSION = YES;
				CLANG_WARN_DEPRECATED_OBJC_IMPLEMENTATIONS = YES;
				CLANG_WARN_DIRECT_OBJC_ISA_USAGE = YES_ERROR;
				CLANG_WARN_DOCUMENTATION_COMMENTS = YES;
				CLANG_WARN_EMPTY_BODY = YES;
				CLANG_WARN_ENUM_CONVERSION = YES;
				CLANG_WARN_INFINITE_RECURSION = YES;
				CLANG_WARN_INT_CONVERSION = YES;
				CLANG_WARN_NON_LITERAL_NULL_CONVERSION = YES;
				CLANG_WARN_OBJC_IMPLICIT_RETAIN_SELF = YES;
				CLANG_WARN_OBJC_LITERAL_CONVERSION = YES;
				CLANG_WARN_OBJC_ROOT_CLASS = YES_ERROR;
				CLANG_WARN_QUOTED_INCLUDE_IN_FRAMEWORK_HEADER = YES;
				CLANG_WARN_RANGE_LOOP_ANALYSIS = YES;
				CLANG_WARN_STRICT_PROTOTYPES = YES;
				CLANG_WARN_SUSPICIOUS_MOVE = YES;
				CLANG_WARN_UNGUARDED_AVAILABILITY = YES_AGGRESSIVE;
				CLANG_WARN_UNREACHABLE_CODE = YES;
				CLANG_WARN__DUPLICATE_METHOD_MATCH = YES;
				COPY_PHASE_STRIP = NO;
				DEBUG_INFORMATION_FORMAT = "dwarf-with-dsym";
				ENABLE_NS_ASSERTIONS = NO;
				ENABLE_STRICT_OBJC_MSGSEND = YES;
				ENABLE_USER_SCRIPT_SANDBOXING = YES;
				GCC_C_LANGUAGE_STANDARD = gnu17;
				GCC_NO_COMMON_BLOCKS = YES;
				GCC_WARN_64_TO_32_BIT_CONVERSION = YES;
				GCC_WARN_ABOUT_RETURN_TYPE = YES_ERROR;
				GCC_WARN_UNDECLARED_SELECTOR = YES;
				GCC_WARN_UNINITIALIZED_AUTOS = YES_AGGRESSIVE;
				GCC_WARN_UNUSED_FUNCTION = YES;
				GCC_WARN_UNUSED_VARIABLE = YES;
				IPHONEOS_DEPLOYMENT_TARGET = 17.5;
				LOCALIZATION_PREFERS_STRING_CATALOGS = YES;
				MTL_ENABLE_DEBUG_INFO = NO;
				MTL_FAST_MATH = YES;
				SDKROOT = iphoneos;
				SWIFT_COMPILATION_MODE = wholemodule;
				VALIDATE_PRODUCT = YES;
			};
			name = Release;
		};
		E723F42E2C3BC54500B684F8 /* Debug */ = {
			isa = XCBuildConfiguration;
			buildSettings = {
				ASSETCATALOG_COMPILER_APPICON_NAME = AppIcon;
				ASSETCATALOG_COMPILER_GLOBAL_ACCENT_COLOR_NAME = AccentColor;
				CODE_SIGN_STYLE = Automatic;
				CURRENT_PROJECT_VERSION = 1;
				DEVELOPMENT_ASSET_PATHS = "\"Places/Preview Content\"";
				DEVELOPMENT_TEAM = PK2ZHBH476;
				ENABLE_PREVIEWS = YES;
				GENERATE_INFOPLIST_FILE = YES;
				INFOPLIST_KEY_UIApplicationSceneManifest_Generation = YES;
				INFOPLIST_KEY_UIApplicationSupportsIndirectInputEvents = YES;
				INFOPLIST_KEY_UILaunchScreen_Generation = YES;
				INFOPLIST_KEY_UISupportedInterfaceOrientations_iPad = "UIInterfaceOrientationPortrait UIInterfaceOrientationPortraitUpsideDown UIInterfaceOrientationLandscapeLeft UIInterfaceOrientationLandscapeRight";
				INFOPLIST_KEY_UISupportedInterfaceOrientations_iPhone = "UIInterfaceOrientationPortrait UIInterfaceOrientationLandscapeLeft UIInterfaceOrientationLandscapeRight";
				LD_RUNPATH_SEARCH_PATHS = (
					"$(inherited)",
					"@executable_path/Frameworks",
				);
				MARKETING_VERSION = 1.0;
				PRODUCT_BUNDLE_IDENTIFIER = nl.yazdan.Places;
				PRODUCT_NAME = "$(TARGET_NAME)";
				SWIFT_EMIT_LOC_STRINGS = YES;
				SWIFT_VERSION = 5.0;
				TARGETED_DEVICE_FAMILY = "1,2";
			};
			name = Debug;
		};
		E723F42F2C3BC54500B684F8 /* Release */ = {
			isa = XCBuildConfiguration;
			buildSettings = {
				ASSETCATALOG_COMPILER_APPICON_NAME = AppIcon;
				ASSETCATALOG_COMPILER_GLOBAL_ACCENT_COLOR_NAME = AccentColor;
				CODE_SIGN_STYLE = Automatic;
				CURRENT_PROJECT_VERSION = 1;
				DEVELOPMENT_ASSET_PATHS = "\"Places/Preview Content\"";
				DEVELOPMENT_TEAM = PK2ZHBH476;
				ENABLE_PREVIEWS = YES;
				GENERATE_INFOPLIST_FILE = YES;
				INFOPLIST_KEY_UIApplicationSceneManifest_Generation = YES;
				INFOPLIST_KEY_UIApplicationSupportsIndirectInputEvents = YES;
				INFOPLIST_KEY_UILaunchScreen_Generation = YES;
				INFOPLIST_KEY_UISupportedInterfaceOrientations_iPad = "UIInterfaceOrientationPortrait UIInterfaceOrientationPortraitUpsideDown UIInterfaceOrientationLandscapeLeft UIInterfaceOrientationLandscapeRight";
				INFOPLIST_KEY_UISupportedInterfaceOrientations_iPhone = "UIInterfaceOrientationPortrait UIInterfaceOrientationLandscapeLeft UIInterfaceOrientationLandscapeRight";
				LD_RUNPATH_SEARCH_PATHS = (
					"$(inherited)",
					"@executable_path/Frameworks",
				);
				MARKETING_VERSION = 1.0;
				PRODUCT_BUNDLE_IDENTIFIER = nl.yazdan.Places;
				PRODUCT_NAME = "$(TARGET_NAME)";
				SWIFT_EMIT_LOC_STRINGS = YES;
				SWIFT_VERSION = 5.0;
				TARGETED_DEVICE_FAMILY = "1,2";
			};
			name = Release;
		};
		E723F4312C3BC54500B684F8 /* Debug */ = {
			isa = XCBuildConfiguration;
			buildSettings = {
				ALWAYS_EMBED_SWIFT_STANDARD_LIBRARIES = YES;
				BUNDLE_LOADER = "$(TEST_HOST)";
				CODE_SIGN_STYLE = Automatic;
				CURRENT_PROJECT_VERSION = 1;
				DEVELOPMENT_TEAM = PK2ZHBH476;
				GENERATE_INFOPLIST_FILE = YES;
				IPHONEOS_DEPLOYMENT_TARGET = 17.5;
				MARKETING_VERSION = 1.0;
				PRODUCT_BUNDLE_IDENTIFIER = nl.yazdan.PlacesTests;
				PRODUCT_NAME = "$(TARGET_NAME)";
				SWIFT_EMIT_LOC_STRINGS = NO;
				SWIFT_VERSION = 5.0;
				TARGETED_DEVICE_FAMILY = "1,2";
				TEST_HOST = "$(BUILT_PRODUCTS_DIR)/Places.app/$(BUNDLE_EXECUTABLE_FOLDER_PATH)/Places";
			};
			name = Debug;
		};
		E723F4322C3BC54500B684F8 /* Release */ = {
			isa = XCBuildConfiguration;
			buildSettings = {
				ALWAYS_EMBED_SWIFT_STANDARD_LIBRARIES = YES;
				BUNDLE_LOADER = "$(TEST_HOST)";
				CODE_SIGN_STYLE = Automatic;
				CURRENT_PROJECT_VERSION = 1;
				DEVELOPMENT_TEAM = PK2ZHBH476;
				GENERATE_INFOPLIST_FILE = YES;
				IPHONEOS_DEPLOYMENT_TARGET = 17.5;
				MARKETING_VERSION = 1.0;
				PRODUCT_BUNDLE_IDENTIFIER = nl.yazdan.PlacesTests;
				PRODUCT_NAME = "$(TARGET_NAME)";
				SWIFT_EMIT_LOC_STRINGS = NO;
				SWIFT_VERSION = 5.0;
				TARGETED_DEVICE_FAMILY = "1,2";
				TEST_HOST = "$(BUILT_PRODUCTS_DIR)/Places.app/$(BUNDLE_EXECUTABLE_FOLDER_PATH)/Places";
			};
			name = Release;
		};
		E723F4342C3BC54500B684F8 /* Debug */ = {
			isa = XCBuildConfiguration;
			buildSettings = {
				ALWAYS_EMBED_SWIFT_STANDARD_LIBRARIES = YES;
				CODE_SIGN_STYLE = Automatic;
				CURRENT_PROJECT_VERSION = 1;
				DEVELOPMENT_TEAM = PK2ZHBH476;
				GENERATE_INFOPLIST_FILE = YES;
				MARKETING_VERSION = 1.0;
				PRODUCT_BUNDLE_IDENTIFIER = nl.yazdan.PlacesUITests;
				PRODUCT_NAME = "$(TARGET_NAME)";
				SWIFT_EMIT_LOC_STRINGS = NO;
				SWIFT_VERSION = 5.0;
				TARGETED_DEVICE_FAMILY = "1,2";
				TEST_TARGET_NAME = Places;
			};
			name = Debug;
		};
		E723F4352C3BC54500B684F8 /* Release */ = {
			isa = XCBuildConfiguration;
			buildSettings = {
				ALWAYS_EMBED_SWIFT_STANDARD_LIBRARIES = YES;
				CODE_SIGN_STYLE = Automatic;
				CURRENT_PROJECT_VERSION = 1;
				DEVELOPMENT_TEAM = PK2ZHBH476;
				GENERATE_INFOPLIST_FILE = YES;
				MARKETING_VERSION = 1.0;
				PRODUCT_BUNDLE_IDENTIFIER = nl.yazdan.PlacesUITests;
				PRODUCT_NAME = "$(TARGET_NAME)";
				SWIFT_EMIT_LOC_STRINGS = NO;
				SWIFT_VERSION = 5.0;
				TARGETED_DEVICE_FAMILY = "1,2";
				TEST_TARGET_NAME = Places;
			};
			name = Release;
		};
/* End XCBuildConfiguration section */

/* Begin XCConfigurationList section */
		E723F4022C3BC54300B684F8 /* Build configuration list for PBXProject "Places" */ = {
			isa = XCConfigurationList;
			buildConfigurations = (
				E723F42B2C3BC54500B684F8 /* Debug */,
				E723F42C2C3BC54500B684F8 /* Release */,
			);
			defaultConfigurationIsVisible = 0;
			defaultConfigurationName = Release;
		};
		E723F42D2C3BC54500B684F8 /* Build configuration list for PBXNativeTarget "Places" */ = {
			isa = XCConfigurationList;
			buildConfigurations = (
				E723F42E2C3BC54500B684F8 /* Debug */,
				E723F42F2C3BC54500B684F8 /* Release */,
			);
			defaultConfigurationIsVisible = 0;
			defaultConfigurationName = Release;
		};
		E723F4302C3BC54500B684F8 /* Build configuration list for PBXNativeTarget "PlacesTests" */ = {
			isa = XCConfigurationList;
			buildConfigurations = (
				E723F4312C3BC54500B684F8 /* Debug */,
				E723F4322C3BC54500B684F8 /* Release */,
			);
			defaultConfigurationIsVisible = 0;
			defaultConfigurationName = Release;
		};
		E723F4332C3BC54500B684F8 /* Build configuration list for PBXNativeTarget "PlacesUITests" */ = {
			isa = XCConfigurationList;
			buildConfigurations = (
				E723F4342C3BC54500B684F8 /* Debug */,
				E723F4352C3BC54500B684F8 /* Release */,
			);
			defaultConfigurationIsVisible = 0;
			defaultConfigurationName = Release;
		};
/* End XCConfigurationList section */

/* Begin XCSwiftPackageProductDependency section */
		E7D3127B2C3C273500A87DB5 /* Repository */ = {
			isa = XCSwiftPackageProductDependency;
			productName = Repository;
		};
/* End XCSwiftPackageProductDependency section */
	};
	rootObject = E723F3FF2C3BC54300B684F8 /* Project object */;
}
